// !$*UTF8*$!
{
	archiveVersion = 1;
	classes = {
	};
	objectVersion = 46;
	objects = {

/* Begin PBXBuildFile section */
		032CCD3D1A79B67700F4B44B /* select-receiver.swift in Sources */ = {isa = PBXBuildFile; fileRef = 032CCD3C1A79B67700F4B44B /* select-receiver.swift */; };
		034392C21A7A065200F4B44B /* select.swift in Sources */ = {isa = PBXBuildFile; fileRef = 03F3FD6F1A6AF95400F4B44B /* select.swift */; };
		035B60641A67433800F4B44B /* Channels.h in Headers */ = {isa = PBXBuildFile; fileRef = 035B60631A67433800F4B44B /* Channels.h */; settings = {ATTRIBUTES = (Public, ); }; };
		035B606A1A67433800F4B44B /* Channels.framework in Frameworks */ = {isa = PBXBuildFile; fileRef = 035B605E1A67433800F4B44B /* Channels.framework */; };
		035B60711A67433800F4B44B /* ChannelsTests.swift in Sources */ = {isa = PBXBuildFile; fileRef = 035B60701A67433800F4B44B /* ChannelsTests.swift */; };
		0370A7171A7C44BC00F4B44B /* merge-select.swift in Sources */ = {isa = PBXBuildFile; fileRef = 032CCD3E1A79BE9400F4B44B /* merge-select.swift */; };
		03AD471E1A6743E500F4B44B /* async.swift in Sources */ = {isa = PBXBuildFile; fileRef = 03AD47001A6743E500F4B44B /* async.swift */; };
		03AD471F1A6743E500F4B44B /* chan-operators.swift in Sources */ = {isa = PBXBuildFile; fileRef = 03AD47011A6743E500F4B44B /* chan-operators.swift */; };
		03AD47201A6743E500F4B44B /* chan-protocols.swift in Sources */ = {isa = PBXBuildFile; fileRef = 03AD47021A6743E500F4B44B /* chan-protocols.swift */; };
		03AD47211A6743E500F4B44B /* chan-receiver.swift in Sources */ = {isa = PBXBuildFile; fileRef = 03AD47031A6743E500F4B44B /* chan-receiver.swift */; };
		03AD47221A6743E500F4B44B /* chan-sender.swift in Sources */ = {isa = PBXBuildFile; fileRef = 03AD47041A6743E500F4B44B /* chan-sender.swift */; };
		03AD47231A6743E500F4B44B /* chan-singleton.swift in Sources */ = {isa = PBXBuildFile; fileRef = 03AD47051A6743E500F4B44B /* chan-singleton.swift */; };
		03AD47241A6743E500F4B44B /* chan.swift in Sources */ = {isa = PBXBuildFile; fileRef = 03AD47061A6743E500F4B44B /* chan.swift */; };
		03AD47251A6743E500F4B44B /* channel.swift in Sources */ = {isa = PBXBuildFile; fileRef = 03AD47071A6743E500F4B44B /* channel.swift */; };
		03AD472C1A6743E500F4B44B /* pchan-buffered1.swift in Sources */ = {isa = PBXBuildFile; fileRef = 03AD47101A6743E500F4B44B /* pchan-buffered1.swift */; };
		03AD472D1A6743E500F4B44B /* pchan-bufferedN-queue.swift in Sources */ = {isa = PBXBuildFile; fileRef = 03AD47111A6743E500F4B44B /* pchan-bufferedN-queue.swift */; };
		03AD472E1A6743E500F4B44B /* pchan-bufferedN-buffer.swift in Sources */ = {isa = PBXBuildFile; fileRef = 03AD47121A6743E500F4B44B /* pchan-bufferedN-buffer.swift */; };
		03AD472F1A6743E500F4B44B /* pchan.swift in Sources */ = {isa = PBXBuildFile; fileRef = 03AD47131A6743E500F4B44B /* pchan.swift */; };
		03AD47301A6743E500F4B44B /* pchan-unbuffered.swift in Sources */ = {isa = PBXBuildFile; fileRef = 03AD47141A6743E500F4B44B /* pchan-unbuffered.swift */; };
		03AD47311A6743E500F4B44B /* qchan-buffered.swift in Sources */ = {isa = PBXBuildFile; fileRef = 03AD47161A6743E500F4B44B /* qchan-buffered.swift */; };
		03AD47321A6743E500F4B44B /* qchan-unbuffered.swift in Sources */ = {isa = PBXBuildFile; fileRef = 03AD47171A6743E500F4B44B /* qchan-unbuffered.swift */; };
		03AD47331A6743E500F4B44B /* qchan.swift in Sources */ = {isa = PBXBuildFile; fileRef = 03AD47181A6743E500F4B44B /* qchan.swift */; };
		03AD47341A6743E500F4B44B /* semaphorepool.swift in Sources */ = {isa = PBXBuildFile; fileRef = 03AD47191A6743E500F4B44B /* semaphorepool.swift */; };
		03AD47361A6743E500F4B44B /* schan-buffered.swift in Sources */ = {isa = PBXBuildFile; fileRef = 03AD471C1A6743E500F4B44B /* schan-buffered.swift */; };
		03AD47371A6743E500F4B44B /* schan.swift in Sources */ = {isa = PBXBuildFile; fileRef = 03AD471D1A6743E500F4B44B /* schan.swift */; };
		03AD47431A67441A00F4B44B /* atomicqueue.swift in Sources */ = {isa = PBXBuildFile; fileRef = 03AD473A1A67441A00F4B44B /* atomicqueue.swift */; };
		03AD47441A67441A00F4B44B /* fastosqueue.swift in Sources */ = {isa = PBXBuildFile; fileRef = 03AD473B1A67441A00F4B44B /* fastosqueue.swift */; };
		03AD47451A67441A00F4B44B /* fastqueue.swift in Sources */ = {isa = PBXBuildFile; fileRef = 03AD473C1A67441A00F4B44B /* fastqueue.swift */; };
		03AD47461A67441A00F4B44B /* linknodes.swift in Sources */ = {isa = PBXBuildFile; fileRef = 03AD473D1A67441A00F4B44B /* linknodes.swift */; };
		03AD47471A67441A00F4B44B /* queuetype.swift in Sources */ = {isa = PBXBuildFile; fileRef = 03AD473E1A67441A00F4B44B /* queuetype.swift */; };
		03AD474A1A67441A00F4B44B /* semaphoreosqueue.swift in Sources */ = {isa = PBXBuildFile; fileRef = 03AD47411A67441A00F4B44B /* semaphoreosqueue.swift */; };
		03AD474B1A67441A00F4B44B /* semaphorequeue.swift in Sources */ = {isa = PBXBuildFile; fileRef = 03AD47421A67441A00F4B44B /* semaphorequeue.swift */; };
		03AD474D1A67447B00F4B44B /* BufferedChannelTests.swift in Sources */ = {isa = PBXBuildFile; fileRef = 03AD474C1A67447B00F4B44B /* BufferedChannelTests.swift */; };
		03AD47501A67448400F4B44B /* SingletonChannelTests.swift in Sources */ = {isa = PBXBuildFile; fileRef = 03AD474E1A67448400F4B44B /* SingletonChannelTests.swift */; };
		03AD47511A67448400F4B44B /* UnbufferedChannelTests.swift in Sources */ = {isa = PBXBuildFile; fileRef = 03AD474F1A67448400F4B44B /* UnbufferedChannelTests.swift */; };
		03AD47551A6744DA00F4B44B /* PChanTests.swift in Sources */ = {isa = PBXBuildFile; fileRef = 03AD47521A6744DA00F4B44B /* PChanTests.swift */; };
		03AD47561A6744DA00F4B44B /* QChanTests.swift in Sources */ = {isa = PBXBuildFile; fileRef = 03AD47531A6744DA00F4B44B /* QChanTests.swift */; };
		03AD47571A6744DA00F4B44B /* SChanTests.swift in Sources */ = {isa = PBXBuildFile; fileRef = 03AD47541A6744DA00F4B44B /* SChanTests.swift */; };
		03AD475F1A68346300F4B44B /* main.swift in Sources */ = {isa = PBXBuildFile; fileRef = 03AD475E1A68346300F4B44B /* main.swift */; };
		03AD47641A68347300F4B44B /* SimpleChannel.swift in Sources */ = {isa = PBXBuildFile; fileRef = 03AD47631A68347300F4B44B /* SimpleChannel.swift */; };
		03AD47651A68348C00F4B44B /* async.swift in Sources */ = {isa = PBXBuildFile; fileRef = 03AD47001A6743E500F4B44B /* async.swift */; };
		03AD47661A68348C00F4B44B /* chan-operators.swift in Sources */ = {isa = PBXBuildFile; fileRef = 03AD47011A6743E500F4B44B /* chan-operators.swift */; };
		03AD47671A68348C00F4B44B /* chan-protocols.swift in Sources */ = {isa = PBXBuildFile; fileRef = 03AD47021A6743E500F4B44B /* chan-protocols.swift */; };
		03AD47681A68348C00F4B44B /* chan-receiver.swift in Sources */ = {isa = PBXBuildFile; fileRef = 03AD47031A6743E500F4B44B /* chan-receiver.swift */; };
		03AD47691A68348C00F4B44B /* chan-sender.swift in Sources */ = {isa = PBXBuildFile; fileRef = 03AD47041A6743E500F4B44B /* chan-sender.swift */; };
		03AD476A1A68348C00F4B44B /* chan-singleton.swift in Sources */ = {isa = PBXBuildFile; fileRef = 03AD47051A6743E500F4B44B /* chan-singleton.swift */; };
		03AD476B1A68348C00F4B44B /* chan.swift in Sources */ = {isa = PBXBuildFile; fileRef = 03AD47061A6743E500F4B44B /* chan.swift */; };
		03AD476C1A68348C00F4B44B /* channel.swift in Sources */ = {isa = PBXBuildFile; fileRef = 03AD47071A6743E500F4B44B /* channel.swift */; };
		03AD476D1A68348C00F4B44B /* pchan.swift in Sources */ = {isa = PBXBuildFile; fileRef = 03AD47131A6743E500F4B44B /* pchan.swift */; };
		03AD476E1A68348C00F4B44B /* pchan-buffered1.swift in Sources */ = {isa = PBXBuildFile; fileRef = 03AD47101A6743E500F4B44B /* pchan-buffered1.swift */; };
		03AD476F1A68348C00F4B44B /* pchan-bufferedN-queue.swift in Sources */ = {isa = PBXBuildFile; fileRef = 03AD47111A6743E500F4B44B /* pchan-bufferedN-queue.swift */; };
		03AD47701A68348C00F4B44B /* pchan-bufferedN-buffer.swift in Sources */ = {isa = PBXBuildFile; fileRef = 03AD47121A6743E500F4B44B /* pchan-bufferedN-buffer.swift */; };
		03AD47711A68348C00F4B44B /* pchan-unbuffered.swift in Sources */ = {isa = PBXBuildFile; fileRef = 03AD47141A6743E500F4B44B /* pchan-unbuffered.swift */; };
		03AD47721A68348C00F4B44B /* qchan.swift in Sources */ = {isa = PBXBuildFile; fileRef = 03AD47181A6743E500F4B44B /* qchan.swift */; };
		03AD47731A68348C00F4B44B /* qchan-buffered.swift in Sources */ = {isa = PBXBuildFile; fileRef = 03AD47161A6743E500F4B44B /* qchan-buffered.swift */; };
		03AD47741A68348C00F4B44B /* qchan-unbuffered.swift in Sources */ = {isa = PBXBuildFile; fileRef = 03AD47171A6743E500F4B44B /* qchan-unbuffered.swift */; };
		03AD47751A68348C00F4B44B /* semaphorepool.swift in Sources */ = {isa = PBXBuildFile; fileRef = 03AD47191A6743E500F4B44B /* semaphorepool.swift */; };
		03AD47761A68348C00F4B44B /* schan.swift in Sources */ = {isa = PBXBuildFile; fileRef = 03AD471D1A6743E500F4B44B /* schan.swift */; };
		03AD47771A68348C00F4B44B /* schan-buffered.swift in Sources */ = {isa = PBXBuildFile; fileRef = 03AD471C1A6743E500F4B44B /* schan-buffered.swift */; };
		03AD47791A6834F500F4B44B /* timing.swift in Sources */ = {isa = PBXBuildFile; fileRef = 03AD47781A6834F500F4B44B /* timing.swift */; };
		03AD477B1A6834FE00F4B44B /* logging.swift in Sources */ = {isa = PBXBuildFile; fileRef = 03AD477A1A6834FE00F4B44B /* logging.swift */; };
		03AD477C1A68354F00F4B44B /* queuetype.swift in Sources */ = {isa = PBXBuildFile; fileRef = 03AD473E1A67441A00F4B44B /* queuetype.swift */; };
		03AD477D1A68354F00F4B44B /* linknodes.swift in Sources */ = {isa = PBXBuildFile; fileRef = 03AD473D1A67441A00F4B44B /* linknodes.swift */; };
		03AD477E1A68354F00F4B44B /* atomicqueue.swift in Sources */ = {isa = PBXBuildFile; fileRef = 03AD473A1A67441A00F4B44B /* atomicqueue.swift */; };
		03AD477F1A68354F00F4B44B /* fastqueue.swift in Sources */ = {isa = PBXBuildFile; fileRef = 03AD473C1A67441A00F4B44B /* fastqueue.swift */; };
		03AD47801A68354F00F4B44B /* fastosqueue.swift in Sources */ = {isa = PBXBuildFile; fileRef = 03AD473B1A67441A00F4B44B /* fastosqueue.swift */; };
		03AD47811A68354F00F4B44B /* semaphorequeue.swift in Sources */ = {isa = PBXBuildFile; fileRef = 03AD47421A67441A00F4B44B /* semaphorequeue.swift */; };
		03AD47821A68354F00F4B44B /* semaphoreosqueue.swift in Sources */ = {isa = PBXBuildFile; fileRef = 03AD47411A67441A00F4B44B /* semaphoreosqueue.swift */; };
		03AD478A1A68366A00F4B44B /* main.swift in Sources */ = {isa = PBXBuildFile; fileRef = 03AD47891A68366A00F4B44B /* main.swift */; };
		03AD478E1A68369C00F4B44B /* async.swift in Sources */ = {isa = PBXBuildFile; fileRef = 03AD47001A6743E500F4B44B /* async.swift */; };
		03AD478F1A68369C00F4B44B /* chan-operators.swift in Sources */ = {isa = PBXBuildFile; fileRef = 03AD47011A6743E500F4B44B /* chan-operators.swift */; };
		03AD47901A68369C00F4B44B /* chan-protocols.swift in Sources */ = {isa = PBXBuildFile; fileRef = 03AD47021A6743E500F4B44B /* chan-protocols.swift */; };
		03AD47911A68369C00F4B44B /* chan-receiver.swift in Sources */ = {isa = PBXBuildFile; fileRef = 03AD47031A6743E500F4B44B /* chan-receiver.swift */; };
		03AD47921A68369C00F4B44B /* chan-sender.swift in Sources */ = {isa = PBXBuildFile; fileRef = 03AD47041A6743E500F4B44B /* chan-sender.swift */; };
		03AD47931A68369C00F4B44B /* chan-singleton.swift in Sources */ = {isa = PBXBuildFile; fileRef = 03AD47051A6743E500F4B44B /* chan-singleton.swift */; };
		03AD47941A68369C00F4B44B /* chan.swift in Sources */ = {isa = PBXBuildFile; fileRef = 03AD47061A6743E500F4B44B /* chan.swift */; };
		03AD47951A68369C00F4B44B /* channel.swift in Sources */ = {isa = PBXBuildFile; fileRef = 03AD47071A6743E500F4B44B /* channel.swift */; };
		03AD47961A68369C00F4B44B /* pchan.swift in Sources */ = {isa = PBXBuildFile; fileRef = 03AD47131A6743E500F4B44B /* pchan.swift */; };
		03AD47971A68369C00F4B44B /* pchan-buffered1.swift in Sources */ = {isa = PBXBuildFile; fileRef = 03AD47101A6743E500F4B44B /* pchan-buffered1.swift */; };
		03AD47981A68369C00F4B44B /* pchan-bufferedN-queue.swift in Sources */ = {isa = PBXBuildFile; fileRef = 03AD47111A6743E500F4B44B /* pchan-bufferedN-queue.swift */; };
		03AD47991A68369C00F4B44B /* pchan-bufferedN-buffer.swift in Sources */ = {isa = PBXBuildFile; fileRef = 03AD47121A6743E500F4B44B /* pchan-bufferedN-buffer.swift */; };
		03AD479A1A68369C00F4B44B /* pchan-unbuffered.swift in Sources */ = {isa = PBXBuildFile; fileRef = 03AD47141A6743E500F4B44B /* pchan-unbuffered.swift */; };
		03AD479B1A68369C00F4B44B /* qchan.swift in Sources */ = {isa = PBXBuildFile; fileRef = 03AD47181A6743E500F4B44B /* qchan.swift */; };
		03AD479C1A68369C00F4B44B /* qchan-buffered.swift in Sources */ = {isa = PBXBuildFile; fileRef = 03AD47161A6743E500F4B44B /* qchan-buffered.swift */; };
		03AD479D1A68369C00F4B44B /* qchan-unbuffered.swift in Sources */ = {isa = PBXBuildFile; fileRef = 03AD47171A6743E500F4B44B /* qchan-unbuffered.swift */; };
		03AD479E1A68369C00F4B44B /* semaphorepool.swift in Sources */ = {isa = PBXBuildFile; fileRef = 03AD47191A6743E500F4B44B /* semaphorepool.swift */; };
		03AD479F1A68369C00F4B44B /* schan.swift in Sources */ = {isa = PBXBuildFile; fileRef = 03AD471D1A6743E500F4B44B /* schan.swift */; };
		03AD47A01A68369C00F4B44B /* schan-buffered.swift in Sources */ = {isa = PBXBuildFile; fileRef = 03AD471C1A6743E500F4B44B /* schan-buffered.swift */; };
		03AD47A11A6836B300F4B44B /* logging.swift in Sources */ = {isa = PBXBuildFile; fileRef = 03AD477A1A6834FE00F4B44B /* logging.swift */; };
		03AD47A21A6836B300F4B44B /* timing.swift in Sources */ = {isa = PBXBuildFile; fileRef = 03AD47781A6834F500F4B44B /* timing.swift */; };
		03AD47A31A6836B800F4B44B /* queuetype.swift in Sources */ = {isa = PBXBuildFile; fileRef = 03AD473E1A67441A00F4B44B /* queuetype.swift */; };
		03AD47A41A6836B800F4B44B /* linknodes.swift in Sources */ = {isa = PBXBuildFile; fileRef = 03AD473D1A67441A00F4B44B /* linknodes.swift */; };
		03AD47A51A6836B800F4B44B /* atomicqueue.swift in Sources */ = {isa = PBXBuildFile; fileRef = 03AD473A1A67441A00F4B44B /* atomicqueue.swift */; };
		03AD47A61A6836B800F4B44B /* fastqueue.swift in Sources */ = {isa = PBXBuildFile; fileRef = 03AD473C1A67441A00F4B44B /* fastqueue.swift */; };
		03AD47A71A6836B800F4B44B /* fastosqueue.swift in Sources */ = {isa = PBXBuildFile; fileRef = 03AD473B1A67441A00F4B44B /* fastosqueue.swift */; };
		03AD47A81A6836B800F4B44B /* semaphorequeue.swift in Sources */ = {isa = PBXBuildFile; fileRef = 03AD47421A67441A00F4B44B /* semaphorequeue.swift */; };
		03AD47A91A6836B800F4B44B /* semaphoreosqueue.swift in Sources */ = {isa = PBXBuildFile; fileRef = 03AD47411A67441A00F4B44B /* semaphoreosqueue.swift */; };
		03AD47AB1A688ADF00F4B44B /* future.swift in Sources */ = {isa = PBXBuildFile; fileRef = 03AD47AA1A688ADF00F4B44B /* future.swift */; };
		03AD47AF1A688BE900F4B44B /* shuffle.swift in Sources */ = {isa = PBXBuildFile; fileRef = 03AD47AD1A688BE900F4B44B /* shuffle.swift */; };
		03AD47B21A6890B100F4B44B /* merge.swift in Sources */ = {isa = PBXBuildFile; fileRef = 03AD47B11A6890B100F4B44B /* merge.swift */; };
		03AD47C01A689E0900F4B44B /* MergeTest.swift in Sources */ = {isa = PBXBuildFile; fileRef = 03AD47BF1A689E0900F4B44B /* MergeTest.swift */; };
		03F3FD6A1A69D90400F4B44B /* select-types.swift in Sources */ = {isa = PBXBuildFile; fileRef = 03F3FD691A69D90400F4B44B /* select-types.swift */; };
		03F3FD6E1A6A4E7900F4B44B /* select-types.swift in Sources */ = {isa = PBXBuildFile; fileRef = 03F3FD691A69D90400F4B44B /* select-types.swift */; };
		03F3FD741A6D762C00F4B44B /* logging.swift in Sources */ = {isa = PBXBuildFile; fileRef = 03AD477A1A6834FE00F4B44B /* logging.swift */; };
		03F3FD751A6D76B300F4B44B /* SelectTests.swift in Sources */ = {isa = PBXBuildFile; fileRef = 03F3FD711A6B207E00F4B44B /* SelectTests.swift */; };
/* End PBXBuildFile section */

/* Begin PBXContainerItemProxy section */
		035B606B1A67433800F4B44B /* PBXContainerItemProxy */ = {
			isa = PBXContainerItemProxy;
			containerPortal = 035B60551A67433800F4B44B /* Project object */;
			proxyType = 1;
			remoteGlobalIDString = 035B605D1A67433800F4B44B;
			remoteInfo = Channels;
		};
/* End PBXContainerItemProxy section */

/* Begin PBXCopyFilesBuildPhase section */
		03AD475A1A68346300F4B44B /* CopyFiles */ = {
			isa = PBXCopyFilesBuildPhase;
			buildActionMask = 2147483647;
			dstPath = /usr/share/man/man1/;
			dstSubfolderSpec = 0;
			files = (
			);
			runOnlyForDeploymentPostprocessing = 1;
		};
		03AD47851A68366A00F4B44B /* CopyFiles */ = {
			isa = PBXCopyFilesBuildPhase;
			buildActionMask = 2147483647;
			dstPath = /usr/share/man/man1/;
			dstSubfolderSpec = 0;
			files = (
			);
			runOnlyForDeploymentPostprocessing = 1;
		};
/* End PBXCopyFilesBuildPhase section */

/* Begin PBXFileReference section */
		032CCD3C1A79B67700F4B44B /* select-receiver.swift */ = {isa = PBXFileReference; fileEncoding = 4; lastKnownFileType = sourcecode.swift; name = "select-receiver.swift"; path = "select/select-receiver.swift"; sourceTree = "<group>"; };
		032CCD3E1A79BE9400F4B44B /* merge-select.swift */ = {isa = PBXFileReference; fileEncoding = 4; lastKnownFileType = sourcecode.swift; name = "merge-select.swift"; path = "select/merge-select.swift"; sourceTree = "<group>"; };
		035B605E1A67433800F4B44B /* Channels.framework */ = {isa = PBXFileReference; explicitFileType = wrapper.framework; includeInIndex = 0; path = Channels.framework; sourceTree = BUILT_PRODUCTS_DIR; };
		035B60621A67433800F4B44B /* Info.plist */ = {isa = PBXFileReference; lastKnownFileType = text.plist.xml; path = Info.plist; sourceTree = "<group>"; };
		035B60631A67433800F4B44B /* Channels.h */ = {isa = PBXFileReference; lastKnownFileType = sourcecode.c.h; path = Channels.h; sourceTree = "<group>"; };
		035B60691A67433800F4B44B /* ChannelsTests.xctest */ = {isa = PBXFileReference; explicitFileType = wrapper.cfbundle; includeInIndex = 0; path = ChannelsTests.xctest; sourceTree = BUILT_PRODUCTS_DIR; };
		035B606F1A67433800F4B44B /* Info.plist */ = {isa = PBXFileReference; lastKnownFileType = text.plist.xml; path = Info.plist; sourceTree = "<group>"; };
		035B60701A67433800F4B44B /* ChannelsTests.swift */ = {isa = PBXFileReference; lastKnownFileType = sourcecode.swift; path = ChannelsTests.swift; sourceTree = "<group>"; };
		03AD47001A6743E500F4B44B /* async.swift */ = {isa = PBXFileReference; fileEncoding = 4; lastKnownFileType = sourcecode.swift; path = async.swift; sourceTree = "<group>"; };
		03AD47011A6743E500F4B44B /* chan-operators.swift */ = {isa = PBXFileReference; fileEncoding = 4; lastKnownFileType = sourcecode.swift; path = "chan-operators.swift"; sourceTree = "<group>"; };
		03AD47021A6743E500F4B44B /* chan-protocols.swift */ = {isa = PBXFileReference; fileEncoding = 4; lastKnownFileType = sourcecode.swift; path = "chan-protocols.swift"; sourceTree = "<group>"; };
		03AD47031A6743E500F4B44B /* chan-receiver.swift */ = {isa = PBXFileReference; fileEncoding = 4; lastKnownFileType = sourcecode.swift; path = "chan-receiver.swift"; sourceTree = "<group>"; };
		03AD47041A6743E500F4B44B /* chan-sender.swift */ = {isa = PBXFileReference; fileEncoding = 4; lastKnownFileType = sourcecode.swift; path = "chan-sender.swift"; sourceTree = "<group>"; };
		03AD47051A6743E500F4B44B /* chan-singleton.swift */ = {isa = PBXFileReference; fileEncoding = 4; lastKnownFileType = sourcecode.swift; path = "chan-singleton.swift"; sourceTree = "<group>"; };
		03AD47061A6743E500F4B44B /* chan.swift */ = {isa = PBXFileReference; fileEncoding = 4; lastKnownFileType = sourcecode.swift; path = chan.swift; sourceTree = "<group>"; };
		03AD47071A6743E500F4B44B /* channel.swift */ = {isa = PBXFileReference; fileEncoding = 4; lastKnownFileType = sourcecode.swift; path = channel.swift; sourceTree = "<group>"; };
		03AD47101A6743E500F4B44B /* pchan-buffered1.swift */ = {isa = PBXFileReference; fileEncoding = 4; lastKnownFileType = sourcecode.swift; path = "pchan-buffered1.swift"; sourceTree = "<group>"; };
		03AD47111A6743E500F4B44B /* pchan-bufferedN-queue.swift */ = {isa = PBXFileReference; fileEncoding = 4; lastKnownFileType = sourcecode.swift; path = "pchan-bufferedN-queue.swift"; sourceTree = "<group>"; };
		03AD47121A6743E500F4B44B /* pchan-bufferedN-buffer.swift */ = {isa = PBXFileReference; fileEncoding = 4; lastKnownFileType = sourcecode.swift; path = "pchan-bufferedN-buffer.swift"; sourceTree = "<group>"; };
		03AD47131A6743E500F4B44B /* pchan.swift */ = {isa = PBXFileReference; fileEncoding = 4; lastKnownFileType = sourcecode.swift; path = pchan.swift; sourceTree = "<group>"; };
		03AD47141A6743E500F4B44B /* pchan-unbuffered.swift */ = {isa = PBXFileReference; fileEncoding = 4; lastKnownFileType = sourcecode.swift; path = "pchan-unbuffered.swift"; sourceTree = "<group>"; };
		03AD47161A6743E500F4B44B /* qchan-buffered.swift */ = {isa = PBXFileReference; fileEncoding = 4; lastKnownFileType = sourcecode.swift; path = "qchan-buffered.swift"; sourceTree = "<group>"; };
		03AD47171A6743E500F4B44B /* qchan-unbuffered.swift */ = {isa = PBXFileReference; fileEncoding = 4; lastKnownFileType = sourcecode.swift; path = "qchan-unbuffered.swift"; sourceTree = "<group>"; };
		03AD47181A6743E500F4B44B /* qchan.swift */ = {isa = PBXFileReference; fileEncoding = 4; lastKnownFileType = sourcecode.swift; path = qchan.swift; sourceTree = "<group>"; };
		03AD47191A6743E500F4B44B /* semaphorepool.swift */ = {isa = PBXFileReference; fileEncoding = 4; lastKnownFileType = sourcecode.swift; path = semaphorepool.swift; sourceTree = "<group>"; };
		03AD471C1A6743E500F4B44B /* schan-buffered.swift */ = {isa = PBXFileReference; fileEncoding = 4; lastKnownFileType = sourcecode.swift; path = "schan-buffered.swift"; sourceTree = "<group>"; };
		03AD471D1A6743E500F4B44B /* schan.swift */ = {isa = PBXFileReference; fileEncoding = 4; lastKnownFileType = sourcecode.swift; path = schan.swift; sourceTree = "<group>"; };
		03AD473A1A67441A00F4B44B /* atomicqueue.swift */ = {isa = PBXFileReference; fileEncoding = 4; lastKnownFileType = sourcecode.swift; path = atomicqueue.swift; sourceTree = "<group>"; };
		03AD473B1A67441A00F4B44B /* fastosqueue.swift */ = {isa = PBXFileReference; fileEncoding = 4; lastKnownFileType = sourcecode.swift; path = fastosqueue.swift; sourceTree = "<group>"; };
		03AD473C1A67441A00F4B44B /* fastqueue.swift */ = {isa = PBXFileReference; fileEncoding = 4; lastKnownFileType = sourcecode.swift; path = fastqueue.swift; sourceTree = "<group>"; };
		03AD473D1A67441A00F4B44B /* linknodes.swift */ = {isa = PBXFileReference; fileEncoding = 4; lastKnownFileType = sourcecode.swift; path = linknodes.swift; sourceTree = "<group>"; };
		03AD473E1A67441A00F4B44B /* queuetype.swift */ = {isa = PBXFileReference; fileEncoding = 4; lastKnownFileType = sourcecode.swift; path = queuetype.swift; sourceTree = "<group>"; };
		03AD473F1A67441A00F4B44B /* reffastosqueue.swift */ = {isa = PBXFileReference; fileEncoding = 4; lastKnownFileType = sourcecode.swift; path = reffastosqueue.swift; sourceTree = "<group>"; };
		03AD47401A67441A00F4B44B /* reffastqueue.swift */ = {isa = PBXFileReference; fileEncoding = 4; lastKnownFileType = sourcecode.swift; path = reffastqueue.swift; sourceTree = "<group>"; };
		03AD47411A67441A00F4B44B /* semaphoreosqueue.swift */ = {isa = PBXFileReference; fileEncoding = 4; lastKnownFileType = sourcecode.swift; path = semaphoreosqueue.swift; sourceTree = "<group>"; };
		03AD47421A67441A00F4B44B /* semaphorequeue.swift */ = {isa = PBXFileReference; fileEncoding = 4; lastKnownFileType = sourcecode.swift; path = semaphorequeue.swift; sourceTree = "<group>"; };
		03AD474C1A67447B00F4B44B /* BufferedChannelTests.swift */ = {isa = PBXFileReference; fileEncoding = 4; lastKnownFileType = sourcecode.swift; path = BufferedChannelTests.swift; sourceTree = "<group>"; };
		03AD474E1A67448400F4B44B /* SingletonChannelTests.swift */ = {isa = PBXFileReference; fileEncoding = 4; lastKnownFileType = sourcecode.swift; path = SingletonChannelTests.swift; sourceTree = "<group>"; };
		03AD474F1A67448400F4B44B /* UnbufferedChannelTests.swift */ = {isa = PBXFileReference; fileEncoding = 4; lastKnownFileType = sourcecode.swift; path = UnbufferedChannelTests.swift; sourceTree = "<group>"; };
		03AD47521A6744DA00F4B44B /* PChanTests.swift */ = {isa = PBXFileReference; fileEncoding = 4; lastKnownFileType = sourcecode.swift; path = PChanTests.swift; sourceTree = "<group>"; };
		03AD47531A6744DA00F4B44B /* QChanTests.swift */ = {isa = PBXFileReference; fileEncoding = 4; lastKnownFileType = sourcecode.swift; path = QChanTests.swift; sourceTree = "<group>"; };
		03AD47541A6744DA00F4B44B /* SChanTests.swift */ = {isa = PBXFileReference; fileEncoding = 4; lastKnownFileType = sourcecode.swift; path = SChanTests.swift; sourceTree = "<group>"; };
		03AD475C1A68346300F4B44B /* chan-benchmark */ = {isa = PBXFileReference; explicitFileType = "compiled.mach-o.executable"; includeInIndex = 0; path = "chan-benchmark"; sourceTree = BUILT_PRODUCTS_DIR; };
		03AD475E1A68346300F4B44B /* main.swift */ = {isa = PBXFileReference; lastKnownFileType = sourcecode.swift; path = main.swift; sourceTree = "<group>"; };
		03AD47631A68347300F4B44B /* SimpleChannel.swift */ = {isa = PBXFileReference; fileEncoding = 4; lastKnownFileType = sourcecode.swift; path = SimpleChannel.swift; sourceTree = "<group>"; };
		03AD47781A6834F500F4B44B /* timing.swift */ = {isa = PBXFileReference; fileEncoding = 4; lastKnownFileType = sourcecode.swift; name = timing.swift; path = utilities/timing.swift; sourceTree = "<group>"; };
		03AD477A1A6834FE00F4B44B /* logging.swift */ = {isa = PBXFileReference; fileEncoding = 4; lastKnownFileType = sourcecode.swift; name = logging.swift; path = utilities/logging.swift; sourceTree = "<group>"; };
		03AD47871A68366A00F4B44B /* concurrency tester */ = {isa = PBXFileReference; explicitFileType = "compiled.mach-o.executable"; includeInIndex = 0; path = "concurrency tester"; sourceTree = BUILT_PRODUCTS_DIR; };
		03AD47891A68366A00F4B44B /* main.swift */ = {isa = PBXFileReference; lastKnownFileType = sourcecode.swift; path = main.swift; sourceTree = "<group>"; };
		03AD47AA1A688ADF00F4B44B /* future.swift */ = {isa = PBXFileReference; fileEncoding = 4; lastKnownFileType = sourcecode.swift; path = future.swift; sourceTree = "<group>"; };
		03AD47AC1A688BE900F4B44B /* defer.swift */ = {isa = PBXFileReference; fileEncoding = 4; lastKnownFileType = sourcecode.swift; name = defer.swift; path = ../utilities/defer.swift; sourceTree = "<group>"; };
		03AD47AD1A688BE900F4B44B /* shuffle.swift */ = {isa = PBXFileReference; fileEncoding = 4; lastKnownFileType = sourcecode.swift; name = shuffle.swift; path = ../utilities/shuffle.swift; sourceTree = "<group>"; };
		03AD47B11A6890B100F4B44B /* merge.swift */ = {isa = PBXFileReference; fileEncoding = 4; lastKnownFileType = sourcecode.swift; path = merge.swift; sourceTree = "<group>"; };
		03AD47BF1A689E0900F4B44B /* MergeTest.swift */ = {isa = PBXFileReference; fileEncoding = 4; lastKnownFileType = sourcecode.swift; path = MergeTest.swift; sourceTree = "<group>"; };
		03F3FD691A69D90400F4B44B /* select-types.swift */ = {isa = PBXFileReference; fileEncoding = 4; lastKnownFileType = sourcecode.swift; name = "select-types.swift"; path = "select/select-types.swift"; sourceTree = "<group>"; };
		03F3FD6F1A6AF95400F4B44B /* select.swift */ = {isa = PBXFileReference; fileEncoding = 4; lastKnownFileType = sourcecode.swift; name = select.swift; path = select/select.swift; sourceTree = "<group>"; };
		03F3FD711A6B207E00F4B44B /* SelectTests.swift */ = {isa = PBXFileReference; fileEncoding = 4; lastKnownFileType = sourcecode.swift; path = SelectTests.swift; sourceTree = "<group>"; };
/* End PBXFileReference section */

/* Begin PBXFrameworksBuildPhase section */
		035B605A1A67433800F4B44B /* Frameworks */ = {
			isa = PBXFrameworksBuildPhase;
			buildActionMask = 2147483647;
			files = (
			);
			runOnlyForDeploymentPostprocessing = 0;
		};
		035B60661A67433800F4B44B /* Frameworks */ = {
			isa = PBXFrameworksBuildPhase;
			buildActionMask = 2147483647;
			files = (
				035B606A1A67433800F4B44B /* Channels.framework in Frameworks */,
			);
			runOnlyForDeploymentPostprocessing = 0;
		};
		03AD47591A68346300F4B44B /* Frameworks */ = {
			isa = PBXFrameworksBuildPhase;
			buildActionMask = 2147483647;
			files = (
			);
			runOnlyForDeploymentPostprocessing = 0;
		};
		03AD47841A68366A00F4B44B /* Frameworks */ = {
			isa = PBXFrameworksBuildPhase;
			buildActionMask = 2147483647;
			files = (
			);
			runOnlyForDeploymentPostprocessing = 0;
		};
/* End PBXFrameworksBuildPhase section */

/* Begin PBXGroup section */
		035B60541A67433800F4B44B = {
			isa = PBXGroup;
			children = (
				03AD46FF1A6743E500F4B44B /* concurrency */,
				03AD47381A67440400F4B44B /* utilities */,
				035B60601A67433800F4B44B /* Channels */,
				035B606D1A67433800F4B44B /* ChannelsTests */,
				03AD475D1A68346300F4B44B /* chan-benchmark */,
				03AD47881A68366A00F4B44B /* concurrency tester */,
				035B605F1A67433800F4B44B /* Products */,
			);
			sourceTree = "<group>";
		};
		035B605F1A67433800F4B44B /* Products */ = {
			isa = PBXGroup;
			children = (
				035B605E1A67433800F4B44B /* Channels.framework */,
				035B60691A67433800F4B44B /* ChannelsTests.xctest */,
				03AD475C1A68346300F4B44B /* chan-benchmark */,
				03AD47871A68366A00F4B44B /* concurrency tester */,
			);
			name = Products;
			sourceTree = "<group>";
		};
		035B60601A67433800F4B44B /* Channels */ = {
			isa = PBXGroup;
			children = (
				035B60631A67433800F4B44B /* Channels.h */,
				035B60611A67433800F4B44B /* Supporting Files */,
			);
			path = Channels;
			sourceTree = "<group>";
		};
		035B60611A67433800F4B44B /* Supporting Files */ = {
			isa = PBXGroup;
			children = (
				035B60621A67433800F4B44B /* Info.plist */,
			);
			name = "Supporting Files";
			sourceTree = "<group>";
		};
		035B606D1A67433800F4B44B /* ChannelsTests */ = {
			isa = PBXGroup;
			children = (
				035B60701A67433800F4B44B /* ChannelsTests.swift */,
				03AD474F1A67448400F4B44B /* UnbufferedChannelTests.swift */,
				03AD474C1A67447B00F4B44B /* BufferedChannelTests.swift */,
				03AD474E1A67448400F4B44B /* SingletonChannelTests.swift */,
				03AD47521A6744DA00F4B44B /* PChanTests.swift */,
				03AD47531A6744DA00F4B44B /* QChanTests.swift */,
				03AD47541A6744DA00F4B44B /* SChanTests.swift */,
				03AD47BF1A689E0900F4B44B /* MergeTest.swift */,
				03F3FD711A6B207E00F4B44B /* SelectTests.swift */,
				035B606E1A67433800F4B44B /* Supporting Files */,
			);
			path = ChannelsTests;
			sourceTree = "<group>";
		};
		035B606E1A67433800F4B44B /* Supporting Files */ = {
			isa = PBXGroup;
			children = (
				035B606F1A67433800F4B44B /* Info.plist */,
			);
			name = "Supporting Files";
			sourceTree = "<group>";
		};
		03AD46FF1A6743E500F4B44B /* concurrency */ = {
			isa = PBXGroup;
			children = (
				03AD47071A6743E500F4B44B /* channel.swift */,
				03AD47061A6743E500F4B44B /* chan.swift */,
				03AD47011A6743E500F4B44B /* chan-operators.swift */,
				03AD47021A6743E500F4B44B /* chan-protocols.swift */,
				03AD47031A6743E500F4B44B /* chan-receiver.swift */,
				03AD47041A6743E500F4B44B /* chan-sender.swift */,
				03AD47051A6743E500F4B44B /* chan-singleton.swift */,
				03AD470F1A6743E500F4B44B /* pthread-mutex */,
				03AD47151A6743E500F4B44B /* queue */,
				03AD471B1A6743E500F4B44B /* semaphore */,
				03AD47001A6743E500F4B44B /* async.swift */,
				03AD47AA1A688ADF00F4B44B /* future.swift */,
				03AD47B11A6890B100F4B44B /* merge.swift */,
				03F3FD681A69D47400F4B44B /* select */,
				03AD47B01A688BFF00F4B44B /* utilities */,
			);
			path = concurrency;
			sourceTree = "<group>";
		};
		03AD470F1A6743E500F4B44B /* pthread-mutex */ = {
			isa = PBXGroup;
			children = (
				03AD47131A6743E500F4B44B /* pchan.swift */,
				03AD47101A6743E500F4B44B /* pchan-buffered1.swift */,
				03AD47111A6743E500F4B44B /* pchan-bufferedN-queue.swift */,
				03AD47121A6743E500F4B44B /* pchan-bufferedN-buffer.swift */,
				03AD47141A6743E500F4B44B /* pchan-unbuffered.swift */,
			);
			path = "pthread-mutex";
			sourceTree = "<group>";
		};
		03AD47151A6743E500F4B44B /* queue */ = {
			isa = PBXGroup;
			children = (
				03AD47181A6743E500F4B44B /* qchan.swift */,
				03AD47161A6743E500F4B44B /* qchan-buffered.swift */,
				03AD47171A6743E500F4B44B /* qchan-unbuffered.swift */,
				03AD47191A6743E500F4B44B /* semaphorepool.swift */,
			);
			path = queue;
			sourceTree = "<group>";
		};
		03AD471B1A6743E500F4B44B /* semaphore */ = {
			isa = PBXGroup;
			children = (
				03AD471D1A6743E500F4B44B /* schan.swift */,
				03AD471C1A6743E500F4B44B /* schan-buffered.swift */,
			);
			path = semaphore;
			sourceTree = "<group>";
		};
		03AD47381A67440400F4B44B /* utilities */ = {
			isa = PBXGroup;
			children = (
				03AD477A1A6834FE00F4B44B /* logging.swift */,
				03AD47781A6834F500F4B44B /* timing.swift */,
			);
			name = utilities;
			sourceTree = "<group>";
		};
		03AD47391A67441A00F4B44B /* queues */ = {
			isa = PBXGroup;
			children = (
				03AD473E1A67441A00F4B44B /* queuetype.swift */,
				03AD473D1A67441A00F4B44B /* linknodes.swift */,
				03AD473A1A67441A00F4B44B /* atomicqueue.swift */,
				03AD473C1A67441A00F4B44B /* fastqueue.swift */,
				03AD473B1A67441A00F4B44B /* fastosqueue.swift */,
				03AD47401A67441A00F4B44B /* reffastqueue.swift */,
				03AD473F1A67441A00F4B44B /* reffastosqueue.swift */,
				03AD47421A67441A00F4B44B /* semaphorequeue.swift */,
				03AD47411A67441A00F4B44B /* semaphoreosqueue.swift */,
			);
			name = queues;
			path = ../utilities/queues;
			sourceTree = "<group>";
		};
		03AD475D1A68346300F4B44B /* chan-benchmark */ = {
			isa = PBXGroup;
			children = (
				03AD475E1A68346300F4B44B /* main.swift */,
				03AD47631A68347300F4B44B /* SimpleChannel.swift */,
			);
			path = "chan-benchmark";
			sourceTree = "<group>";
		};
		03AD47881A68366A00F4B44B /* concurrency tester */ = {
			isa = PBXGroup;
			children = (
				03AD47891A68366A00F4B44B /* main.swift */,
			);
			path = "concurrency tester";
			sourceTree = "<group>";
		};
		03AD47B01A688BFF00F4B44B /* utilities */ = {
			isa = PBXGroup;
			children = (
				03AD47AC1A688BE900F4B44B /* defer.swift */,
				03AD47AD1A688BE900F4B44B /* shuffle.swift */,
				03AD47391A67441A00F4B44B /* queues */,
			);
			name = utilities;
			sourceTree = "<group>";
		};
		03F3FD681A69D47400F4B44B /* select */ = {
			isa = PBXGroup;
			children = (
				03F3FD691A69D90400F4B44B /* select-types.swift */,
				03F3FD6F1A6AF95400F4B44B /* select.swift */,
				032CCD3C1A79B67700F4B44B /* select-receiver.swift */,
				032CCD3E1A79BE9400F4B44B /* merge-select.swift */,
			);
			name = select;
			sourceTree = "<group>";
		};
/* End PBXGroup section */

/* Begin PBXHeadersBuildPhase section */
		035B605B1A67433800F4B44B /* Headers */ = {
			isa = PBXHeadersBuildPhase;
			buildActionMask = 2147483647;
			files = (
				035B60641A67433800F4B44B /* Channels.h in Headers */,
			);
			runOnlyForDeploymentPostprocessing = 0;
		};
/* End PBXHeadersBuildPhase section */

/* Begin PBXNativeTarget section */
		035B605D1A67433800F4B44B /* Channels */ = {
			isa = PBXNativeTarget;
			buildConfigurationList = 035B60741A67433800F4B44B /* Build configuration list for PBXNativeTarget "Channels" */;
			buildPhases = (
				035B60591A67433800F4B44B /* Sources */,
				035B605A1A67433800F4B44B /* Frameworks */,
				035B605B1A67433800F4B44B /* Headers */,
				035B605C1A67433800F4B44B /* Resources */,
			);
			buildRules = (
			);
			dependencies = (
			);
			name = Channels;
			productName = Channels;
			productReference = 035B605E1A67433800F4B44B /* Channels.framework */;
			productType = "com.apple.product-type.framework";
		};
		035B60681A67433800F4B44B /* ChannelsTests */ = {
			isa = PBXNativeTarget;
			buildConfigurationList = 035B60771A67433800F4B44B /* Build configuration list for PBXNativeTarget "ChannelsTests" */;
			buildPhases = (
				035B60651A67433800F4B44B /* Sources */,
				035B60661A67433800F4B44B /* Frameworks */,
				035B60671A67433800F4B44B /* Resources */,
			);
			buildRules = (
			);
			dependencies = (
				035B606C1A67433800F4B44B /* PBXTargetDependency */,
			);
			name = ChannelsTests;
			productName = ChannelsTests;
			productReference = 035B60691A67433800F4B44B /* ChannelsTests.xctest */;
			productType = "com.apple.product-type.bundle.unit-test";
		};
		03AD475B1A68346300F4B44B /* chan-benchmark */ = {
			isa = PBXNativeTarget;
			buildConfigurationList = 03AD47601A68346300F4B44B /* Build configuration list for PBXNativeTarget "chan-benchmark" */;
			buildPhases = (
				03AD47581A68346300F4B44B /* Sources */,
				03AD47591A68346300F4B44B /* Frameworks */,
				03AD475A1A68346300F4B44B /* CopyFiles */,
			);
			buildRules = (
			);
			dependencies = (
			);
			name = "chan-benchmark";
			productName = "chan-benchmark";
			productReference = 03AD475C1A68346300F4B44B /* chan-benchmark */;
			productType = "com.apple.product-type.tool";
		};
		03AD47861A68366A00F4B44B /* concurrency tester */ = {
			isa = PBXNativeTarget;
			buildConfigurationList = 03AD478B1A68366A00F4B44B /* Build configuration list for PBXNativeTarget "concurrency tester" */;
			buildPhases = (
				03AD47831A68366A00F4B44B /* Sources */,
				03AD47841A68366A00F4B44B /* Frameworks */,
				03AD47851A68366A00F4B44B /* CopyFiles */,
			);
			buildRules = (
			);
			dependencies = (
			);
			name = "concurrency tester";
			productName = "concurrency tester";
			productReference = 03AD47871A68366A00F4B44B /* concurrency tester */;
			productType = "com.apple.product-type.tool";
		};
/* End PBXNativeTarget section */

/* Begin PBXProject section */
		035B60551A67433800F4B44B /* Project object */ = {
			isa = PBXProject;
			attributes = {
				LastUpgradeCheck = 0610;
				ORGANIZATIONNAME = "Guillaume Lessard";
				TargetAttributes = {
					035B605D1A67433800F4B44B = {
						CreatedOnToolsVersion = 6.1.1;
					};
					035B60681A67433800F4B44B = {
						CreatedOnToolsVersion = 6.1.1;
					};
					03AD475B1A68346300F4B44B = {
						CreatedOnToolsVersion = 6.1.1;
					};
					03AD47861A68366A00F4B44B = {
						CreatedOnToolsVersion = 6.1.1;
					};
				};
			};
			buildConfigurationList = 035B60581A67433800F4B44B /* Build configuration list for PBXProject "Channels" */;
			compatibilityVersion = "Xcode 3.2";
			developmentRegion = English;
			hasScannedForEncodings = 0;
			knownRegions = (
				en,
			);
			mainGroup = 035B60541A67433800F4B44B;
			productRefGroup = 035B605F1A67433800F4B44B /* Products */;
			projectDirPath = "";
			projectRoot = "";
			targets = (
				035B605D1A67433800F4B44B /* Channels */,
				035B60681A67433800F4B44B /* ChannelsTests */,
				03AD475B1A68346300F4B44B /* chan-benchmark */,
				03AD47861A68366A00F4B44B /* concurrency tester */,
			);
		};
/* End PBXProject section */

/* Begin PBXResourcesBuildPhase section */
		035B605C1A67433800F4B44B /* Resources */ = {
			isa = PBXResourcesBuildPhase;
			buildActionMask = 2147483647;
			files = (
			);
			runOnlyForDeploymentPostprocessing = 0;
		};
		035B60671A67433800F4B44B /* Resources */ = {
			isa = PBXResourcesBuildPhase;
			buildActionMask = 2147483647;
			files = (
			);
			runOnlyForDeploymentPostprocessing = 0;
		};
/* End PBXResourcesBuildPhase section */

/* Begin PBXSourcesBuildPhase section */
		035B60591A67433800F4B44B /* Sources */ = {
			isa = PBXSourcesBuildPhase;
			buildActionMask = 2147483647;
			files = (
				03AD471E1A6743E500F4B44B /* async.swift in Sources */,
				03AD47371A6743E500F4B44B /* schan.swift in Sources */,
				03AD47311A6743E500F4B44B /* qchan-buffered.swift in Sources */,
				03AD47251A6743E500F4B44B /* channel.swift in Sources */,
				03AD47471A67441A00F4B44B /* queuetype.swift in Sources */,
				03AD472F1A6743E500F4B44B /* pchan.swift in Sources */,
				03AD47441A67441A00F4B44B /* fastosqueue.swift in Sources */,
				03AD474B1A67441A00F4B44B /* semaphorequeue.swift in Sources */,
				03AD47331A6743E500F4B44B /* qchan.swift in Sources */,
				034392C21A7A065200F4B44B /* select.swift in Sources */,
				03AD47341A6743E500F4B44B /* semaphorepool.swift in Sources */,
				03F3FD741A6D762C00F4B44B /* logging.swift in Sources */,
				03AD47AB1A688ADF00F4B44B /* future.swift in Sources */,
				03AD47AF1A688BE900F4B44B /* shuffle.swift in Sources */,
				0370A7171A7C44BC00F4B44B /* merge-select.swift in Sources */,
				03AD472C1A6743E500F4B44B /* pchan-buffered1.swift in Sources */,
				03AD471F1A6743E500F4B44B /* chan-operators.swift in Sources */,
				03AD47321A6743E500F4B44B /* qchan-unbuffered.swift in Sources */,
				03F3FD6A1A69D90400F4B44B /* select-types.swift in Sources */,
				03AD47211A6743E500F4B44B /* chan-receiver.swift in Sources */,
				03AD47451A67441A00F4B44B /* fastqueue.swift in Sources */,
				03AD47201A6743E500F4B44B /* chan-protocols.swift in Sources */,
				03AD47461A67441A00F4B44B /* linknodes.swift in Sources */,
				03AD47241A6743E500F4B44B /* chan.swift in Sources */,
				032CCD3D1A79B67700F4B44B /* select-receiver.swift in Sources */,
				03AD47221A6743E500F4B44B /* chan-sender.swift in Sources */,
				03AD472E1A6743E500F4B44B /* pchan-bufferedN-buffer.swift in Sources */,
				03AD47231A6743E500F4B44B /* chan-singleton.swift in Sources */,
				03AD472D1A6743E500F4B44B /* pchan-bufferedN-queue.swift in Sources */,
				03AD47301A6743E500F4B44B /* pchan-unbuffered.swift in Sources */,
				03AD47B21A6890B100F4B44B /* merge.swift in Sources */,
				03AD47361A6743E500F4B44B /* schan-buffered.swift in Sources */,
				03AD474A1A67441A00F4B44B /* semaphoreosqueue.swift in Sources */,
				03AD47431A67441A00F4B44B /* atomicqueue.swift in Sources */,
			);
			runOnlyForDeploymentPostprocessing = 0;
		};
		035B60651A67433800F4B44B /* Sources */ = {
			isa = PBXSourcesBuildPhase;
			buildActionMask = 2147483647;
			files = (
				03F3FD751A6D76B300F4B44B /* SelectTests.swift in Sources */,
				03AD474D1A67447B00F4B44B /* BufferedChannelTests.swift in Sources */,
				03AD47551A6744DA00F4B44B /* PChanTests.swift in Sources */,
				03AD47C01A689E0900F4B44B /* MergeTest.swift in Sources */,
				03AD47511A67448400F4B44B /* UnbufferedChannelTests.swift in Sources */,
				03AD47571A6744DA00F4B44B /* SChanTests.swift in Sources */,
				03AD47501A67448400F4B44B /* SingletonChannelTests.swift in Sources */,
				035B60711A67433800F4B44B /* ChannelsTests.swift in Sources */,
				03AD47561A6744DA00F4B44B /* QChanTests.swift in Sources */,
			);
			runOnlyForDeploymentPostprocessing = 0;
		};
		03AD47581A68346300F4B44B /* Sources */ = {
			isa = PBXSourcesBuildPhase;
			buildActionMask = 2147483647;
			files = (
				03AD47681A68348C00F4B44B /* chan-receiver.swift in Sources */,
				03AD47811A68354F00F4B44B /* semaphorequeue.swift in Sources */,
				03AD47721A68348C00F4B44B /* qchan.swift in Sources */,
				03AD476A1A68348C00F4B44B /* chan-singleton.swift in Sources */,
				03AD47821A68354F00F4B44B /* semaphoreosqueue.swift in Sources */,
				03AD47761A68348C00F4B44B /* schan.swift in Sources */,
				03AD47731A68348C00F4B44B /* qchan-buffered.swift in Sources */,
				03AD47801A68354F00F4B44B /* fastosqueue.swift in Sources */,
				03AD477F1A68354F00F4B44B /* fastqueue.swift in Sources */,
				03AD47751A68348C00F4B44B /* semaphorepool.swift in Sources */,
				03AD476D1A68348C00F4B44B /* pchan.swift in Sources */,
				03AD47791A6834F500F4B44B /* timing.swift in Sources */,
				03AD47771A68348C00F4B44B /* schan-buffered.swift in Sources */,
				03AD477C1A68354F00F4B44B /* queuetype.swift in Sources */,
				03AD476E1A68348C00F4B44B /* pchan-buffered1.swift in Sources */,
				03AD47691A68348C00F4B44B /* chan-sender.swift in Sources */,
				03AD47711A68348C00F4B44B /* pchan-unbuffered.swift in Sources */,
				03AD476C1A68348C00F4B44B /* channel.swift in Sources */,
				03AD477B1A6834FE00F4B44B /* logging.swift in Sources */,
				03AD47741A68348C00F4B44B /* qchan-unbuffered.swift in Sources */,
				03AD475F1A68346300F4B44B /* main.swift in Sources */,
				03AD476F1A68348C00F4B44B /* pchan-bufferedN-queue.swift in Sources */,
				03AD476B1A68348C00F4B44B /* chan.swift in Sources */,
				03AD47661A68348C00F4B44B /* chan-operators.swift in Sources */,
				03AD47701A68348C00F4B44B /* pchan-bufferedN-buffer.swift in Sources */,
				03AD47641A68347300F4B44B /* SimpleChannel.swift in Sources */,
				03F3FD6E1A6A4E7900F4B44B /* select-types.swift in Sources */,
				03AD477D1A68354F00F4B44B /* linknodes.swift in Sources */,
				03AD47671A68348C00F4B44B /* chan-protocols.swift in Sources */,
				03AD477E1A68354F00F4B44B /* atomicqueue.swift in Sources */,
				03AD47651A68348C00F4B44B /* async.swift in Sources */,
			);
			runOnlyForDeploymentPostprocessing = 0;
		};
		03AD47831A68366A00F4B44B /* Sources */ = {
			isa = PBXSourcesBuildPhase;
			buildActionMask = 2147483647;
			files = (
				03AD479D1A68369C00F4B44B /* qchan-unbuffered.swift in Sources */,
				03AD47981A68369C00F4B44B /* pchan-bufferedN-queue.swift in Sources */,
				03AD47A11A6836B300F4B44B /* logging.swift in Sources */,
				03AD479E1A68369C00F4B44B /* semaphorepool.swift in Sources */,
				03AD47951A68369C00F4B44B /* channel.swift in Sources */,
				03AD47A01A68369C00F4B44B /* schan-buffered.swift in Sources */,
				03AD47A51A6836B800F4B44B /* atomicqueue.swift in Sources */,
				03AD47921A68369C00F4B44B /* chan-sender.swift in Sources */,
				03AD47A21A6836B300F4B44B /* timing.swift in Sources */,
				03AD478F1A68369C00F4B44B /* chan-operators.swift in Sources */,
				03AD479B1A68369C00F4B44B /* qchan.swift in Sources */,
				03AD47971A68369C00F4B44B /* pchan-buffered1.swift in Sources */,
				03AD47A91A6836B800F4B44B /* semaphoreosqueue.swift in Sources */,
				03AD478E1A68369C00F4B44B /* async.swift in Sources */,
				03AD47931A68369C00F4B44B /* chan-singleton.swift in Sources */,
				03AD479F1A68369C00F4B44B /* schan.swift in Sources */,
				03AD47991A68369C00F4B44B /* pchan-bufferedN-buffer.swift in Sources */,
				03AD47A81A6836B800F4B44B /* semaphorequeue.swift in Sources */,
				03AD479C1A68369C00F4B44B /* qchan-buffered.swift in Sources */,
				03AD478A1A68366A00F4B44B /* main.swift in Sources */,
				03AD47A41A6836B800F4B44B /* linknodes.swift in Sources */,
				03AD47A71A6836B800F4B44B /* fastosqueue.swift in Sources */,
				03AD47A31A6836B800F4B44B /* queuetype.swift in Sources */,
				03AD47961A68369C00F4B44B /* pchan.swift in Sources */,
				03AD479A1A68369C00F4B44B /* pchan-unbuffered.swift in Sources */,
				03AD47901A68369C00F4B44B /* chan-protocols.swift in Sources */,
				03AD47A61A6836B800F4B44B /* fastqueue.swift in Sources */,
				03AD47911A68369C00F4B44B /* chan-receiver.swift in Sources */,
				03AD47941A68369C00F4B44B /* chan.swift in Sources */,
			);
			runOnlyForDeploymentPostprocessing = 0;
		};
/* End PBXSourcesBuildPhase section */

/* Begin PBXTargetDependency section */
		035B606C1A67433800F4B44B /* PBXTargetDependency */ = {
			isa = PBXTargetDependency;
			target = 035B605D1A67433800F4B44B /* Channels */;
			targetProxy = 035B606B1A67433800F4B44B /* PBXContainerItemProxy */;
		};
/* End PBXTargetDependency section */

/* Begin XCBuildConfiguration section */
		035B60721A67433800F4B44B /* Debug */ = {
			isa = XCBuildConfiguration;
			buildSettings = {
				ALWAYS_SEARCH_USER_PATHS = NO;
				CLANG_CXX_LANGUAGE_STANDARD = "gnu++0x";
				CLANG_CXX_LIBRARY = "libc++";
				CLANG_ENABLE_MODULES = YES;
				CLANG_ENABLE_OBJC_ARC = YES;
				CLANG_WARN_BOOL_CONVERSION = YES;
				CLANG_WARN_CONSTANT_CONVERSION = YES;
				CLANG_WARN_DIRECT_OBJC_ISA_USAGE = YES_ERROR;
				CLANG_WARN_EMPTY_BODY = YES;
				CLANG_WARN_ENUM_CONVERSION = YES;
				CLANG_WARN_INT_CONVERSION = YES;
				CLANG_WARN_OBJC_ROOT_CLASS = YES_ERROR;
				CLANG_WARN_UNREACHABLE_CODE = YES;
				CLANG_WARN__DUPLICATE_METHOD_MATCH = YES;
				COPY_PHASE_STRIP = NO;
				CURRENT_PROJECT_VERSION = 1;
				ENABLE_STRICT_OBJC_MSGSEND = YES;
				GCC_C_LANGUAGE_STANDARD = gnu99;
				GCC_DYNAMIC_NO_PIC = NO;
				GCC_OPTIMIZATION_LEVEL = 0;
				GCC_PREPROCESSOR_DEFINITIONS = (
					"DEBUG=1",
					"$(inherited)",
				);
				GCC_SYMBOLS_PRIVATE_EXTERN = NO;
				GCC_WARN_64_TO_32_BIT_CONVERSION = YES;
				GCC_WARN_ABOUT_RETURN_TYPE = YES_ERROR;
				GCC_WARN_UNDECLARED_SELECTOR = YES;
				GCC_WARN_UNINITIALIZED_AUTOS = YES_AGGRESSIVE;
				GCC_WARN_UNUSED_FUNCTION = YES;
				GCC_WARN_UNUSED_VARIABLE = YES;
				MACOSX_DEPLOYMENT_TARGET = 10.10;
				MTL_ENABLE_DEBUG_INFO = YES;
				ONLY_ACTIVE_ARCH = YES;
				SDKROOT = macosx;
				SWIFT_OPTIMIZATION_LEVEL = "-O";
				VERSIONING_SYSTEM = "apple-generic";
				VERSION_INFO_PREFIX = "";
			};
			name = Debug;
		};
		035B60731A67433800F4B44B /* Release */ = {
			isa = XCBuildConfiguration;
			buildSettings = {
				ALWAYS_SEARCH_USER_PATHS = NO;
				CLANG_CXX_LANGUAGE_STANDARD = "gnu++0x";
				CLANG_CXX_LIBRARY = "libc++";
				CLANG_ENABLE_MODULES = YES;
				CLANG_ENABLE_OBJC_ARC = YES;
				CLANG_WARN_BOOL_CONVERSION = YES;
				CLANG_WARN_CONSTANT_CONVERSION = YES;
				CLANG_WARN_DIRECT_OBJC_ISA_USAGE = YES_ERROR;
				CLANG_WARN_EMPTY_BODY = YES;
				CLANG_WARN_ENUM_CONVERSION = YES;
				CLANG_WARN_INT_CONVERSION = YES;
				CLANG_WARN_OBJC_ROOT_CLASS = YES_ERROR;
				CLANG_WARN_UNREACHABLE_CODE = YES;
				CLANG_WARN__DUPLICATE_METHOD_MATCH = YES;
				COPY_PHASE_STRIP = YES;
				CURRENT_PROJECT_VERSION = 1;
				DEBUG_INFORMATION_FORMAT = "dwarf-with-dsym";
				ENABLE_NS_ASSERTIONS = NO;
				ENABLE_STRICT_OBJC_MSGSEND = YES;
				GCC_C_LANGUAGE_STANDARD = gnu99;
				GCC_WARN_64_TO_32_BIT_CONVERSION = YES;
				GCC_WARN_ABOUT_RETURN_TYPE = YES_ERROR;
				GCC_WARN_UNDECLARED_SELECTOR = YES;
				GCC_WARN_UNINITIALIZED_AUTOS = YES_AGGRESSIVE;
				GCC_WARN_UNUSED_FUNCTION = YES;
				GCC_WARN_UNUSED_VARIABLE = YES;
				MACOSX_DEPLOYMENT_TARGET = 10.10;
				MTL_ENABLE_DEBUG_INFO = NO;
				SDKROOT = macosx;
				SWIFT_OPTIMIZATION_LEVEL = "-O";
				VERSIONING_SYSTEM = "apple-generic";
				VERSION_INFO_PREFIX = "";
			};
			name = Release;
		};
		035B60751A67433800F4B44B /* Debug */ = {
			isa = XCBuildConfiguration;
			buildSettings = {
				COMBINE_HIDPI_IMAGES = YES;
				DEFINES_MODULE = YES;
				DYLIB_COMPATIBILITY_VERSION = 1;
				DYLIB_CURRENT_VERSION = 1;
				DYLIB_INSTALL_NAME_BASE = "@rpath";
				FRAMEWORK_VERSION = A;
				INFOPLIST_FILE = Channels/Info.plist;
				INSTALL_PATH = "$(LOCAL_LIBRARY_DIR)/Frameworks";
				LD_RUNPATH_SEARCH_PATHS = "$(inherited) @executable_path/../Frameworks @loader_path/Frameworks";
				PRODUCT_NAME = "$(TARGET_NAME)";
				SKIP_INSTALL = YES;
				SWIFT_OPTIMIZATION_LEVEL = "-O";
			};
			name = Debug;
		};
		035B60761A67433800F4B44B /* Release */ = {
			isa = XCBuildConfiguration;
			buildSettings = {
				COMBINE_HIDPI_IMAGES = YES;
				DEFINES_MODULE = YES;
				DYLIB_COMPATIBILITY_VERSION = 1;
				DYLIB_CURRENT_VERSION = 1;
				DYLIB_INSTALL_NAME_BASE = "@rpath";
				FRAMEWORK_VERSION = A;
				INFOPLIST_FILE = Channels/Info.plist;
				INSTALL_PATH = "$(LOCAL_LIBRARY_DIR)/Frameworks";
				LD_RUNPATH_SEARCH_PATHS = "$(inherited) @executable_path/../Frameworks @loader_path/Frameworks";
				PRODUCT_NAME = "$(TARGET_NAME)";
				SKIP_INSTALL = YES;
				SWIFT_OPTIMIZATION_LEVEL = "-O";
			};
			name = Release;
		};
		035B60781A67433800F4B44B /* Debug */ = {
			isa = XCBuildConfiguration;
			buildSettings = {
				COMBINE_HIDPI_IMAGES = YES;
				FRAMEWORK_SEARCH_PATHS = (
					"$(DEVELOPER_FRAMEWORKS_DIR)",
					"$(inherited)",
				);
				GCC_PREPROCESSOR_DEFINITIONS = (
					"DEBUG=1",
					"$(inherited)",
				);
				INFOPLIST_FILE = ChannelsTests/Info.plist;
				LD_RUNPATH_SEARCH_PATHS = "$(inherited) @executable_path/../Frameworks @loader_path/../Frameworks";
				PRODUCT_NAME = "$(TARGET_NAME)";
				SWIFT_OPTIMIZATION_LEVEL = "-O";
			};
			name = Debug;
		};
		035B60791A67433800F4B44B /* Release */ = {
			isa = XCBuildConfiguration;
			buildSettings = {
				COMBINE_HIDPI_IMAGES = YES;
				FRAMEWORK_SEARCH_PATHS = (
					"$(DEVELOPER_FRAMEWORKS_DIR)",
					"$(inherited)",
				);
				INFOPLIST_FILE = ChannelsTests/Info.plist;
				LD_RUNPATH_SEARCH_PATHS = "$(inherited) @executable_path/../Frameworks @loader_path/../Frameworks";
				PRODUCT_NAME = "$(TARGET_NAME)";
				SWIFT_OPTIMIZATION_LEVEL = "-O";
			};
			name = Release;
		};
		03AD47611A68346300F4B44B /* Debug */ = {
			isa = XCBuildConfiguration;
			buildSettings = {
				GCC_PREPROCESSOR_DEFINITIONS = (
					"DEBUG=1",
					"$(inherited)",
				);
				PRODUCT_NAME = "$(TARGET_NAME)";
				SWIFT_OPTIMIZATION_LEVEL = "-O";
			};
			name = Debug;
		};
		03AD47621A68346300F4B44B /* Release */ = {
			isa = XCBuildConfiguration;
			buildSettings = {
				PRODUCT_NAME = "$(TARGET_NAME)";
				SWIFT_OPTIMIZATION_LEVEL = "-O";
			};
			name = Release;
		};
		03AD478C1A68366A00F4B44B /* Debug */ = {
			isa = XCBuildConfiguration;
			buildSettings = {
				GCC_PREPROCESSOR_DEFINITIONS = (
					"DEBUG=1",
					"$(inherited)",
				);
				PRODUCT_NAME = "$(TARGET_NAME)";
				SWIFT_OPTIMIZATION_LEVEL = "-Onone";
			};
			name = Debug;
		};
		03AD478D1A68366A00F4B44B /* Release */ = {
			isa = XCBuildConfiguration;
			buildSettings = {
				PRODUCT_NAME = "$(TARGET_NAME)";
				SWIFT_OPTIMIZATION_LEVEL = "-Onone";
			};
			name = Release;
		};
/* End XCBuildConfiguration section */

/* Begin XCConfigurationList section */
		035B60581A67433800F4B44B /* Build configuration list for PBXProject "Channels" */ = {
			isa = XCConfigurationList;
			buildConfigurations = (
				035B60721A67433800F4B44B /* Debug */,
				035B60731A67433800F4B44B /* Release */,
			);
			defaultConfigurationIsVisible = 0;
			defaultConfigurationName = Release;
		};
		035B60741A67433800F4B44B /* Build configuration list for PBXNativeTarget "Channels" */ = {
			isa = XCConfigurationList;
			buildConfigurations = (
				035B60751A67433800F4B44B /* Debug */,
				035B60761A67433800F4B44B /* Release */,
			);
			defaultConfigurationIsVisible = 0;
			defaultConfigurationName = Release;
		};
		035B60771A67433800F4B44B /* Build configuration list for PBXNativeTarget "ChannelsTests" */ = {
			isa = XCConfigurationList;
			buildConfigurations = (
				035B60781A67433800F4B44B /* Debug */,
				035B60791A67433800F4B44B /* Release */,
			);
			defaultConfigurationIsVisible = 0;
			defaultConfigurationName = Release;
		};
		03AD47601A68346300F4B44B /* Build configuration list for PBXNativeTarget "chan-benchmark" */ = {
			isa = XCConfigurationList;
			buildConfigurations = (
				03AD47611A68346300F4B44B /* Debug */,
				03AD47621A68346300F4B44B /* Release */,
			);
			defaultConfigurationIsVisible = 0;
			defaultConfigurationName = Release;
		};
		03AD478B1A68366A00F4B44B /* Build configuration list for PBXNativeTarget "concurrency tester" */ = {
			isa = XCConfigurationList;
			buildConfigurations = (
				03AD478C1A68366A00F4B44B /* Debug */,
				03AD478D1A68366A00F4B44B /* Release */,
			);
			defaultConfigurationIsVisible = 0;
			defaultConfigurationName = Release;
		};
/* End XCConfigurationList section */
	};
	rootObject = 035B60551A67433800F4B44B /* Project object */;
}
